
Microsoft Visual Studio Solution File, Format Version 12.00
# Visual Studio Version 17
VisualStudioVersion = 17.5.33516.290
MinimumVisualStudioVersion = 10.0.40219.1
Project("{FAE04EC0-301F-11D3-BF4B-00C04F79EFBC}") = "readBook", "readBook\readBook.csproj", "{12BFC828-D8B0-4834-BA9D-DF47A64293AF}"
EndProject
Global
	GlobalSection(SolutionConfigurationPlatforms) = preSolution
		Debug|Any CPU = Debug|Any CPU
		Release|Any CPU = Release|Any CPU
	EndGlobalSection
	GlobalSection(ProjectConfigurationPlatforms) = postSolution
		{12BFC828-D8B0-4834-BA9D-DF47A64293AF}.Debug|Any CPU.ActiveCfg = Debug|Any CPU
		{12BFC828-D8B0-4834-BA9D-DF47A64293AF}.Debug|Any CPU.Build.0 = Debug|Any CPU
		{12BFC828-D8B0-4834-BA9D-DF47A64293AF}.Release|Any CPU.ActiveCfg = Release|Any CPU
		{12BFC828-D8B0-4834-BA9D-DF47A64293AF}.Release|Any CPU.Build.0 = Release|Any CPU
	EndGlobalSection
	GlobalSection(SolutionProperties) = preSolution
		HideSolutionNode = FALSE
	EndGlobalSection
	GlobalSection(ExtensibilityGlobals) = postSolution
		SolutionGuid = {6D044696-3EF2-4657-94F6-135D5FEF0C1F}
	EndGlobalSection
EndGlobal
